
Microsoft Visual Studio Solution File, Format Version 12.00
Project("{FAE04EC0-301F-11D3-BF4B-00C04F79EFBC}") = "LinqDemo", "LinqDemo\LinqDemo.csproj", "{7B55A77C-718D-4A09-BA5E-2B8C9B833935}"
EndProject
Project("{FAE04EC0-301F-11D3-BF4B-00C04F79EFBC}") = "LinqDemo.Tests", "LinqDemo.Tests\LinqDemo.Tests.csproj", "{84218975-807D-4248-89A1-7D89621189A3}"
EndProject
Global
	GlobalSection(SolutionConfigurationPlatforms) = preSolution
		Debug|Any CPU = Debug|Any CPU
		Release|Any CPU = Release|Any CPU
	EndGlobalSection
	GlobalSection(ProjectConfigurationPlatforms) = postSolution
		{7B55A77C-718D-4A09-BA5E-2B8C9B833935}.Debug|Any CPU.ActiveCfg = Debug|Any CPU
		{7B55A77C-718D-4A09-BA5E-2B8C9B833935}.Debug|Any CPU.Build.0 = Debug|Any CPU
		{7B55A77C-718D-4A09-BA5E-2B8C9B833935}.Release|Any CPU.ActiveCfg = Release|Any CPU
		{7B55A77C-718D-4A09-BA5E-2B8C9B833935}.Release|Any CPU.Build.0 = Release|Any CPU
		{84218975-807D-4248-89A1-7D89621189A3}.Debug|Any CPU.ActiveCfg = Debug|Any CPU
		{84218975-807D-4248-89A1-7D89621189A3}.Debug|Any CPU.Build.0 = Debug|Any CPU
		{84218975-807D-4248-89A1-7D89621189A3}.Release|Any CPU.ActiveCfg = Release|Any CPU
		{84218975-807D-4248-89A1-7D89621189A3}.Release|Any CPU.Build.0 = Release|Any CPU
	EndGlobalSection
EndGlobal
